
Microsoft Visual Studio Solution File, Format Version 12.00
# Visual Studio Version 16
VisualStudioVersion = 25.0.1706.12
MinimumVisualStudioVersion = 10.0.40219.1
Project("{FAE04EC0-301F-11D3-BF4B-00C04F79EFBC}") = "MethodsExercise", "MethodsExercise.csproj", "{E9AFF674-8AFD-4201-8891-F10662254D5C}"
EndProject
Global
	GlobalSection(SolutionConfigurationPlatforms) = preSolution
		Debug|Any CPU = Debug|Any CPU
		Release|Any CPU = Release|Any CPU
	EndGlobalSection
	GlobalSection(ProjectConfigurationPlatforms) = postSolution
		{E9AFF674-8AFD-4201-8891-F10662254D5C}.Debug|Any CPU.ActiveCfg = Debug|Any CPU
		{E9AFF674-8AFD-4201-8891-F10662254D5C}.Debug|Any CPU.Build.0 = Debug|Any CPU
		{E9AFF674-8AFD-4201-8891-F10662254D5C}.Release|Any CPU.ActiveCfg = Release|Any CPU
		{E9AFF674-8AFD-4201-8891-F10662254D5C}.Release|Any CPU.Build.0 = Release|Any CPU
	EndGlobalSection
	GlobalSection(SolutionProperties) = preSolution
		HideSolutionNode = FALSE
	EndGlobalSection
	GlobalSection(ExtensibilityGlobals) = postSolution
		SolutionGuid = {5EC59E26-7EE3-4B98-B87B-8106888AB585}
	EndGlobalSection
EndGlobal
